
Microsoft Visual Studio Solution File, Format Version 12.00
# Visual Studio Version 17
VisualStudioVersion = 17.14.36414.22 d17.14
MinimumVisualStudioVersion = 10.0.40219.1
Project("{FAE04EC0-301F-11D3-BF4B-00C04F79EFBC}") = "PhanMemSongAm1", "PhanMemSongAm1\PhanMemSongAm1.csproj", "{67C264D7-3843-4E20-B15E-72867DB5FA8A}"
EndProject
Global
	GlobalSection(SolutionConfigurationPlatforms) = preSolution
		Debug|Any CPU = Debug|Any CPU
		Release|Any CPU = Release|Any CPU
	EndGlobalSection
	GlobalSection(ProjectConfigurationPlatforms) = postSolution
		{67C264D7-3843-4E20-B15E-72867DB5FA8A}.Debug|Any CPU.ActiveCfg = Debug|Any CPU
		{67C264D7-3843-4E20-B15E-72867DB5FA8A}.Debug|Any CPU.Build.0 = Debug|Any CPU
		{67C264D7-3843-4E20-B15E-72867DB5FA8A}.Release|Any CPU.ActiveCfg = Release|Any CPU
		{67C264D7-3843-4E20-B15E-72867DB5FA8A}.Release|Any CPU.Build.0 = Release|Any CPU
	EndGlobalSection
	GlobalSection(SolutionProperties) = preSolution
		HideSolutionNode = FALSE
	EndGlobalSection
	GlobalSection(ExtensibilityGlobals) = postSolution
		SolutionGuid = {AA9D0B43-84C3-4F72-A580-2917DFECB585}
	EndGlobalSection
EndGlobal
